// !$*UTF8*$!
{
	archiveVersion = 1;
	classes = {
	};
	objectVersion = 50;
	objects = {

/* Begin PBXBuildFile section */
		6D0F87E1DF2D701C590B8486 /* Pods_SummerReadingProgram5.framework in Frameworks */ = {isa = PBXBuildFile; fileRef = A8DC059921C244A292A1B078 /* Pods_SummerReadingProgram5.framework */; };
		CC46773720E9512200A32A4A /* DatailsViewController.swift in Sources */ = {isa = PBXBuildFile; fileRef = CC46773620E9512200A32A4A /* DatailsViewController.swift */; };
		CC7DB94F20E62254000455BB /* AppDelegate.swift in Sources */ = {isa = PBXBuildFile; fileRef = CC7DB94E20E62254000455BB /* AppDelegate.swift */; };
		CC7DB95120E62254000455BB /* LoginViewController.swift in Sources */ = {isa = PBXBuildFile; fileRef = CC7DB95020E62254000455BB /* LoginViewController.swift */; };
		CC7DB95420E62254000455BB /* Main.storyboard in Resources */ = {isa = PBXBuildFile; fileRef = CC7DB95220E62254000455BB /* Main.storyboard */; };
		CC7DB95620E62255000455BB /* Assets.xcassets in Resources */ = {isa = PBXBuildFile; fileRef = CC7DB95520E62255000455BB /* Assets.xcassets */; };
		CC7DB95920E62255000455BB /* LaunchScreen.storyboard in Resources */ = {isa = PBXBuildFile; fileRef = CC7DB95720E62255000455BB /* LaunchScreen.storyboard */; };
		CC7DB96120E62783000455BB /* Reader.swift in Sources */ = {isa = PBXBuildFile; fileRef = CC7DB96020E62783000455BB /* Reader.swift */; };
		CC7DB96320E627C0000455BB /* Log.swift in Sources */ = {isa = PBXBuildFile; fileRef = CC7DB96220E627C0000455BB /* Log.swift */; };
		CC7DB96520E627E0000455BB /* ReaderDataService.swift in Sources */ = {isa = PBXBuildFile; fileRef = CC7DB96420E627E0000455BB /* ReaderDataService.swift */; };
		CC7DB96720E627F1000455BB /* LogDataService.swift in Sources */ = {isa = PBXBuildFile; fileRef = CC7DB96620E627F1000455BB /* LogDataService.swift */; };
		CC7DB96920E62A31000455BB /* CreateReaderDataService.swift in Sources */ = {isa = PBXBuildFile; fileRef = CC7DB96820E62A31000455BB /* CreateReaderDataService.swift */; };
		CC7DB96B20E69D80000455BB /* SignUpViewController.swift in Sources */ = {isa = PBXBuildFile; fileRef = CC7DB96A20E69D80000455BB /* SignUpViewController.swift */; };
		CC7DB96D20E6E936000455BB /* LoginDataService.swift in Sources */ = {isa = PBXBuildFile; fileRef = CC7DB96C20E6E936000455BB /* LoginDataService.swift */; };
		CC82389920E84254004B13DA /* LogTableViewController.swift in Sources */ = {isa = PBXBuildFile; fileRef = CC82389820E84254004B13DA /* LogTableViewController.swift */; };
		CC82389B20E846D4004B13DA /* Token.swift in Sources */ = {isa = PBXBuildFile; fileRef = CC82389A20E846D4004B13DA /* Token.swift */; };
/* End PBXBuildFile section */

/* Begin PBXFileReference section */
		60BFDDE3320A0C8442F5D677 /* Pods-SummerReadingProgram5.debug.xcconfig */ = {isa = PBXFileReference; includeInIndex = 1; lastKnownFileType = text.xcconfig; name = "Pods-SummerReadingProgram5.debug.xcconfig"; path = "Pods/Target Support Files/Pods-SummerReadingProgram5/Pods-SummerReadingProgram5.debug.xcconfig"; sourceTree = "<group>"; };
		A657C94FCE016C577386A2F2 /* Pods-SummerReadingProgram5.release.xcconfig */ = {isa = PBXFileReference; includeInIndex = 1; lastKnownFileType = text.xcconfig; name = "Pods-SummerReadingProgram5.release.xcconfig"; path = "Pods/Target Support Files/Pods-SummerReadingProgram5/Pods-SummerReadingProgram5.release.xcconfig"; sourceTree = "<group>"; };
		A8DC059921C244A292A1B078 /* Pods_SummerReadingProgram5.framework */ = {isa = PBXFileReference; explicitFileType = wrapper.framework; includeInIndex = 0; path = Pods_SummerReadingProgram5.framework; sourceTree = BUILT_PRODUCTS_DIR; };
		CC46773620E9512200A32A4A /* DatailsViewController.swift */ = {isa = PBXFileReference; lastKnownFileType = sourcecode.swift; path = DatailsViewController.swift; sourceTree = "<group>"; };
		CC7DB94B20E62254000455BB /* SummerReadingProgram5.app */ = {isa = PBXFileReference; explicitFileType = wrapper.application; includeInIndex = 0; path = SummerReadingProgram5.app; sourceTree = BUILT_PRODUCTS_DIR; };
		CC7DB94E20E62254000455BB /* AppDelegate.swift */ = {isa = PBXFileReference; lastKnownFileType = sourcecode.swift; path = AppDelegate.swift; sourceTree = "<group>"; };
		CC7DB95020E62254000455BB /* LoginViewController.swift */ = {isa = PBXFileReference; lastKnownFileType = sourcecode.swift; path = LoginViewController.swift; sourceTree = "<group>"; };
		CC7DB95320E62254000455BB /* Base */ = {isa = PBXFileReference; lastKnownFileType = file.storyboard; name = Base; path = Base.lproj/Main.storyboard; sourceTree = "<group>"; };
		CC7DB95520E62255000455BB /* Assets.xcassets */ = {isa = PBXFileReference; lastKnownFileType = folder.assetcatalog; path = Assets.xcassets; sourceTree = "<group>"; };
		CC7DB95820E62255000455BB /* Base */ = {isa = PBXFileReference; lastKnownFileType = file.storyboard; name = Base; path = Base.lproj/LaunchScreen.storyboard; sourceTree = "<group>"; };
		CC7DB95A20E62255000455BB /* Info.plist */ = {isa = PBXFileReference; lastKnownFileType = text.plist.xml; path = Info.plist; sourceTree = "<group>"; };
		CC7DB96020E62783000455BB /* Reader.swift */ = {isa = PBXFileReference; lastKnownFileType = sourcecode.swift; path = Reader.swift; sourceTree = "<group>"; };
		CC7DB96220E627C0000455BB /* Log.swift */ = {isa = PBXFileReference; lastKnownFileType = sourcecode.swift; path = Log.swift; sourceTree = "<group>"; };
		CC7DB96420E627E0000455BB /* ReaderDataService.swift */ = {isa = PBXFileReference; lastKnownFileType = sourcecode.swift; path = ReaderDataService.swift; sourceTree = "<group>"; };
		CC7DB96620E627F1000455BB /* LogDataService.swift */ = {isa = PBXFileReference; lastKnownFileType = sourcecode.swift; path = LogDataService.swift; sourceTree = "<group>"; };
		CC7DB96820E62A31000455BB /* CreateReaderDataService.swift */ = {isa = PBXFileReference; lastKnownFileType = sourcecode.swift; path = CreateReaderDataService.swift; sourceTree = "<group>"; };
		CC7DB96A20E69D80000455BB /* SignUpViewController.swift */ = {isa = PBXFileReference; lastKnownFileType = sourcecode.swift; path = SignUpViewController.swift; sourceTree = "<group>"; };
		CC7DB96C20E6E936000455BB /* LoginDataService.swift */ = {isa = PBXFileReference; lastKnownFileType = sourcecode.swift; path = LoginDataService.swift; sourceTree = "<group>"; };
		CC82389820E84254004B13DA /* LogTableViewController.swift */ = {isa = PBXFileReference; lastKnownFileType = sourcecode.swift; path = LogTableViewController.swift; sourceTree = "<group>"; };
		CC82389A20E846D4004B13DA /* Token.swift */ = {isa = PBXFileReference; lastKnownFileType = sourcecode.swift; path = Token.swift; sourceTree = "<group>"; };
/* End PBXFileReference section */

/* Begin PBXFrameworksBuildPhase section */
		CC7DB94820E62254000455BB /* Frameworks */ = {
			isa = PBXFrameworksBuildPhase;
			buildActionMask = 2147483647;
			files = (
				6D0F87E1DF2D701C590B8486 /* Pods_SummerReadingProgram5.framework in Frameworks */,
			);
			runOnlyForDeploymentPostprocessing = 0;
		};
/* End PBXFrameworksBuildPhase section */

/* Begin PBXGroup section */
		2793E9CE8041577A5178090B /* Pods */ = {
			isa = PBXGroup;
			children = (
				60BFDDE3320A0C8442F5D677 /* Pods-SummerReadingProgram5.debug.xcconfig */,
				A657C94FCE016C577386A2F2 /* Pods-SummerReadingProgram5.release.xcconfig */,
			);
			name = Pods;
			sourceTree = "<group>";
		};
		69B7BF6A1FCC6BD63FCB8613 /* Frameworks */ = {
			isa = PBXGroup;
			children = (
				A8DC059921C244A292A1B078 /* Pods_SummerReadingProgram5.framework */,
			);
			name = Frameworks;
			sourceTree = "<group>";
		};
		CC7DB94220E62254000455BB = {
			isa = PBXGroup;
			children = (
				CC7DB94D20E62254000455BB /* SummerReadingProgram5 */,
				CC7DB94C20E62254000455BB /* Products */,
				2793E9CE8041577A5178090B /* Pods */,
				69B7BF6A1FCC6BD63FCB8613 /* Frameworks */,
			);
			sourceTree = "<group>";
		};
		CC7DB94C20E62254000455BB /* Products */ = {
			isa = PBXGroup;
			children = (
				CC7DB94B20E62254000455BB /* SummerReadingProgram5.app */,
			);
			name = Products;
			sourceTree = "<group>";
		};
		CC7DB94D20E62254000455BB /* SummerReadingProgram5 */ = {
			isa = PBXGroup;
			children = (
				CC7DB94E20E62254000455BB /* AppDelegate.swift */,
				CC7DB95020E62254000455BB /* LoginViewController.swift */,
				CC7DB96A20E69D80000455BB /* SignUpViewController.swift */,
				CC82389820E84254004B13DA /* LogTableViewController.swift */,
				CC46773620E9512200A32A4A /* DatailsViewController.swift */,
				CC7DB95220E62254000455BB /* Main.storyboard */,
				CC7DB96020E62783000455BB /* Reader.swift */,
				CC7DB96220E627C0000455BB /* Log.swift */,
				CC82389A20E846D4004B13DA /* Token.swift */,
				CC7DB96820E62A31000455BB /* CreateReaderDataService.swift */,
				CC7DB96C20E6E936000455BB /* LoginDataService.swift */,
				CC7DB96420E627E0000455BB /* ReaderDataService.swift */,
				CC7DB96620E627F1000455BB /* LogDataService.swift */,
				CC7DB95520E62255000455BB /* Assets.xcassets */,
				CC7DB95720E62255000455BB /* LaunchScreen.storyboard */,
				CC7DB95A20E62255000455BB /* Info.plist */,
			);
			path = SummerReadingProgram5;
			sourceTree = "<group>";
		};
/* End PBXGroup section */

/* Begin PBXNativeTarget section */
		CC7DB94A20E62254000455BB /* SummerReadingProgram5 */ = {
			isa = PBXNativeTarget;
			buildConfigurationList = CC7DB95D20E62255000455BB /* Build configuration list for PBXNativeTarget "SummerReadingProgram5" */;
			buildPhases = (
				99A7D5633C7AB1DA1ABAFE76 /* [CP] Check Pods Manifest.lock */,
				CC7DB94720E62254000455BB /* Sources */,
				CC7DB94820E62254000455BB /* Frameworks */,
				CC7DB94920E62254000455BB /* Resources */,
				5EAF37E6C7ADFFE830207169 /* [CP] Embed Pods Frameworks */,
			);
			buildRules = (
			);
			dependencies = (
			);
			name = SummerReadingProgram5;
			productName = SummerReadingProgram5;
			productReference = CC7DB94B20E62254000455BB /* SummerReadingProgram5.app */;
			productType = "com.apple.product-type.application";
		};
/* End PBXNativeTarget section */

/* Begin PBXProject section */
		CC7DB94320E62254000455BB /* Project object */ = {
			isa = PBXProject;
			attributes = {
				LastSwiftUpdateCheck = 0940;
				LastUpgradeCheck = 0940;
				ORGANIZATIONNAME = "Coco Matthey";
				TargetAttributes = {
					CC7DB94A20E62254000455BB = {
						CreatedOnToolsVersion = 9.4.1;
					};
				};
			};
			buildConfigurationList = CC7DB94620E62254000455BB /* Build configuration list for PBXProject "SummerReadingProgram5" */;
			compatibilityVersion = "Xcode 9.3";
			developmentRegion = en;
			hasScannedForEncodings = 0;
			knownRegions = (
				en,
				Base,
			);
			mainGroup = CC7DB94220E62254000455BB;
			productRefGroup = CC7DB94C20E62254000455BB /* Products */;
			projectDirPath = "";
			projectRoot = "";
			targets = (
				CC7DB94A20E62254000455BB /* SummerReadingProgram5 */,
			);
		};
/* End PBXProject section */

/* Begin PBXResourcesBuildPhase section */
		CC7DB94920E62254000455BB /* Resources */ = {
			isa = PBXResourcesBuildPhase;
			buildActionMask = 2147483647;
			files = (
				CC7DB95920E62255000455BB /* LaunchScreen.storyboard in Resources */,
				CC7DB95620E62255000455BB /* Assets.xcassets in Resources */,
				CC7DB95420E62254000455BB /* Main.storyboard in Resources */,
			);
			runOnlyForDeploymentPostprocessing = 0;
		};
/* End PBXResourcesBuildPhase section */

/* Begin PBXShellScriptBuildPhase section */
		5EAF37E6C7ADFFE830207169 /* [CP] Embed Pods Frameworks */ = {
			isa = PBXShellScriptBuildPhase;
			buildActionMask = 2147483647;
			files = (
			);
			inputPaths = (
				"${SRCROOT}/Pods/Target Support Files/Pods-SummerReadingProgram5/Pods-SummerReadingProgram5-frameworks.sh",
				"${BUILT_PRODUCTS_DIR}/Alamofire/Alamofire.framework",
				"${BUILT_PRODUCTS_DIR}/SwiftyJSON/SwiftyJSON.framework",
			);
			name = "[CP] Embed Pods Frameworks";
			outputPaths = (
				"${TARGET_BUILD_DIR}/${FRAMEWORKS_FOLDER_PATH}/Alamofire.framework",
				"${TARGET_BUILD_DIR}/${FRAMEWORKS_FOLDER_PATH}/SwiftyJSON.framework",
			);
			runOnlyForDeploymentPostprocessing = 0;
			shellPath = /bin/sh;
			shellScript = "\"${SRCROOT}/Pods/Target Support Files/Pods-SummerReadingProgram5/Pods-SummerReadingProgram5-frameworks.sh\"\n";
			showEnvVarsInLog = 0;
		};
		99A7D5633C7AB1DA1ABAFE76 /* [CP] Check Pods Manifest.lock */ = {
			isa = PBXShellScriptBuildPhase;
			buildActionMask = 2147483647;
			files = (
			);
			inputPaths = (
				"${PODS_PODFILE_DIR_PATH}/Podfile.lock",
				"${PODS_ROOT}/Manifest.lock",
			);
			name = "[CP] Check Pods Manifest.lock";
			outputPaths = (
				"$(DERIVED_FILE_DIR)/Pods-SummerReadingProgram5-checkManifestLockResult.txt",
			);
			runOnlyForDeploymentPostprocessing = 0;
			shellPath = /bin/sh;
			shellScript = "diff \"${PODS_PODFILE_DIR_PATH}/Podfile.lock\" \"${PODS_ROOT}/Manifest.lock\" > /dev/null\nif [ $? != 0 ] ; then\n    # print error to STDERR\n    echo \"error: The sandbox is not in sync with the Podfile.lock. Run 'pod install' or update your CocoaPods installation.\" >&2\n    exit 1\nfi\n# This output is used by Xcode 'outputs' to avoid re-running this script phase.\necho \"SUCCESS\" > \"${SCRIPT_OUTPUT_FILE_0}\"\n";
			showEnvVarsInLog = 0;
		};
/* End PBXShellScriptBuildPhase section */

/* Begin PBXSourcesBuildPhase section */
		CC7DB94720E62254000455BB /* Sources */ = {
			isa = PBXSourcesBuildPhase;
			buildActionMask = 2147483647;
			files = (
				CC7DB96120E62783000455BB /* Reader.swift in Sources */,
				CC7DB96D20E6E936000455BB /* LoginDataService.swift in Sources */,
				CC82389920E84254004B13DA /* LogTableViewController.swift in Sources */,
				CC7DB95120E62254000455BB /* LoginViewController.swift in Sources */,
				CC7DB96B20E69D80000455BB /* SignUpViewController.swift in Sources */,
				CC7DB96720E627F1000455BB /* LogDataService.swift in Sources */,
				CC7DB96320E627C0000455BB /* Log.swift in Sources */,
				CC46773720E9512200A32A4A /* DatailsViewController.swift in Sources */,
				CC82389B20E846D4004B13DA /* Token.swift in Sources */,
				CC7DB94F20E62254000455BB /* AppDelegate.swift in Sources */,
				CC7DB96520E627E0000455BB /* ReaderDataService.swift in Sources */,
				CC7DB96920E62A31000455BB /* CreateReaderDataService.swift in Sources */,
			);
			runOnlyForDeploymentPostprocessing = 0;
		};
/* End PBXSourcesBuildPhase section */

/* Begin PBXVariantGroup section */
		CC7DB95220E62254000455BB /* Main.storyboard */ = {
			isa = PBXVariantGroup;
			children = (
				CC7DB95320E62254000455BB /* Base */,
			);
			name = Main.storyboard;
			sourceTree = "<group>";
		};
		CC7DB95720E62255000455BB /* LaunchScreen.storyboard */ = {
			isa = PBXVariantGroup;
			children = (
				CC7DB95820E62255000455BB /* Base */,
			);
			name = LaunchScreen.storyboard;
			sourceTree = "<group>";
		};
/* End PBXVariantGroup section */

/* Begin XCBuildConfiguration section */
		CC7DB95B20E62255000455BB /* Debug */ = {
			isa = XCBuildConfiguration;
			buildSettings = {
				ALWAYS_SEARCH_USER_PATHS = NO;
				CLANG_ANALYZER_NONNULL = YES;
				CLANG_ANALYZER_NUMBER_OBJECT_CONVERSION = YES_AGGRESSIVE;
				CLANG_CXX_LANGUAGE_STANDARD = "gnu++14";
				CLANG_CXX_LIBRARY = "libc++";
				CLANG_ENABLE_MODULES = YES;
				CLANG_ENABLE_OBJC_ARC = YES;
				CLANG_ENABLE_OBJC_WEAK = YES;
				CLANG_WARN_BLOCK_CAPTURE_AUTORELEASING = YES;
				CLANG_WARN_BOOL_CONVERSION = YES;
				CLANG_WARN_COMMA = YES;
				CLANG_WARN_CONSTANT_CONVERSION = YES;
				CLANG_WARN_DEPRECATED_OBJC_IMPLEMENTATIONS = YES;
				CLANG_WARN_DIRECT_OBJC_ISA_USAGE = YES_ERROR;
				CLANG_WARN_DOCUMENTATION_COMMENTS = YES;
				CLANG_WARN_EMPTY_BODY = YES;
				CLANG_WARN_ENUM_CONVERSION = YES;
				CLANG_WARN_INFINITE_RECURSION = YES;
				CLANG_WARN_INT_CONVERSION = YES;
				CLANG_WARN_NON_LITERAL_NULL_CONVERSION = YES;
				CLANG_WARN_OBJC_IMPLICIT_RETAIN_SELF = YES;
				CLANG_WARN_OBJC_LITERAL_CONVERSION = YES;
				CLANG_WARN_OBJC_ROOT_CLASS = YES_ERROR;
				CLANG_WARN_RANGE_LOOP_ANALYSIS = YES;
				CLANG_WARN_STRICT_PROTOTYPES = YES;
				CLANG_WARN_SUSPICIOUS_MOVE = YES;
				CLANG_WARN_UNGUARDED_AVAILABILITY = YES_AGGRESSIVE;
				CLANG_WARN_UNREACHABLE_CODE = YES;
				CLANG_WARN__DUPLICATE_METHOD_MATCH = YES;
				CODE_SIGN_IDENTITY = "iPhone Developer";
				COPY_PHASE_STRIP = NO;
				DEBUG_INFORMATION_FORMAT = dwarf;
				ENABLE_STRICT_OBJC_MSGSEND = YES;
				ENABLE_TESTABILITY = YES;
				GCC_C_LANGUAGE_STANDARD = gnu11;
				GCC_DYNAMIC_NO_PIC = NO;
				GCC_NO_COMMON_BLOCKS = YES;
				GCC_OPTIMIZATION_LEVEL = 0;
				GCC_PREPROCESSOR_DEFINITIONS = (
					"DEBUG=1",
					"$(inherited)",
				);
				GCC_WARN_64_TO_32_BIT_CONVERSION = YES;
				GCC_WARN_ABOUT_RETURN_TYPE = YES_ERROR;
				GCC_WARN_UNDECLARED_SELECTOR = YES;
				GCC_WARN_UNINITIALIZED_AUTOS = YES_AGGRESSIVE;
				GCC_WARN_UNUSED_FUNCTION = YES;
				GCC_WARN_UNUSED_VARIABLE = YES;
				IPHONEOS_DEPLOYMENT_TARGET = 11.4;
				MTL_ENABLE_DEBUG_INFO = YES;
				ONLY_ACTIVE_ARCH = YES;
				SDKROOT = iphoneos;
				SWIFT_ACTIVE_COMPILATION_CONDITIONS = DEBUG;
				SWIFT_OPTIMIZATION_LEVEL = "-Onone";
			};
			name = Debug;
		};
		CC7DB95C20E62255000455BB /* Release */ = {
			isa = XCBuildConfiguration;
			buildSettings = {
				ALWAYS_SEARCH_USER_PATHS = NO;
				CLANG_ANALYZER_NONNULL = YES;
				CLANG_ANALYZER_NUMBER_OBJECT_CONVERSION = YES_AGGRESSIVE;
				CLANG_CXX_LANGUAGE_STANDARD = "gnu++14";
				CLANG_CXX_LIBRARY = "libc++";
				CLANG_ENABLE_MODULES = YES;
				CLANG_ENABLE_OBJC_ARC = YES;
				CLANG_ENABLE_OBJC_WEAK = YES;
				CLANG_WARN_BLOCK_CAPTURE_AUTORELEASING = YES;
				CLANG_WARN_BOOL_CONVERSION = YES;
				CLANG_WARN_COMMA = YES;
				CLANG_WARN_CONSTANT_CONVERSION = YES;
				CLANG_WARN_DEPRECATED_OBJC_IMPLEMENTATIONS = YES;
				CLANG_WARN_DIRECT_OBJC_ISA_USAGE = YES_ERROR;
				CLANG_WARN_DOCUMENTATION_COMMENTS = YES;
				CLANG_WARN_EMPTY_BODY = YES;
				CLANG_WARN_ENUM_CONVERSION = YES;
				CLANG_WARN_INFINITE_RECURSION = YES;
				CLANG_WARN_INT_CONVERSION = YES;
				CLANG_WARN_NON_LITERAL_NULL_CONVERSION = YES;
				CLANG_WARN_OBJC_IMPLICIT_RETAIN_SELF = YES;
				CLANG_WARN_OBJC_LITERAL_CONVERSION = YES;
				CLANG_WARN_OBJC_ROOT_CLASS = YES_ERROR;
				CLANG_WARN_RANGE_LOOP_ANALYSIS = YES;
				CLANG_WARN_STRICT_PROTOTYPES = YES;
				CLANG_WARN_SUSPICIOUS_MOVE = YES;
				CLANG_WARN_UNGUARDED_AVAILABILITY = YES_AGGRESSIVE;
				CLANG_WARN_UNREACHABLE_CODE = YES;
				CLANG_WARN__DUPLICATE_METHOD_MATCH = YES;
				CODE_SIGN_IDENTITY = "iPhone Developer";
				COPY_PHASE_STRIP = NO;
				DEBUG_INFORMATION_FORMAT = "dwarf-with-dsym";
				ENABLE_NS_ASSERTIONS = NO;
				ENABLE_STRICT_OBJC_MSGSEND = YES;
				GCC_C_LANGUAGE_STANDARD = gnu11;
				GCC_NO_COMMON_BLOCKS = YES;
				GCC_WARN_64_TO_32_BIT_CONVERSION = YES;
				GCC_WARN_ABOUT_RETURN_TYPE = YES_ERROR;
				GCC_WARN_UNDECLARED_SELECTOR = YES;
				GCC_WARN_UNINITIALIZED_AUTOS = YES_AGGRESSIVE;
				GCC_WARN_UNUSED_FUNCTION = YES;
				GCC_WARN_UNUSED_VARIABLE = YES;
				IPHONEOS_DEPLOYMENT_TARGET = 11.4;
				MTL_ENABLE_DEBUG_INFO = NO;
				SDKROOT = iphoneos;
				SWIFT_COMPILATION_MODE = wholemodule;
				SWIFT_OPTIMIZATION_LEVEL = "-O";
				VALIDATE_PRODUCT = YES;
			};
			name = Release;
		};
		CC7DB95E20E62255000455BB /* Debug */ = {
			isa = XCBuildConfiguration;
			baseConfigurationReference = 60BFDDE3320A0C8442F5D677 /* Pods-SummerReadingProgram5.debug.xcconfig */;
			buildSettings = {
				ASSETCATALOG_COMPILER_APPICON_NAME = AppIcon;
				CODE_SIGN_STYLE = Automatic;
				DEVELOPMENT_TEAM = 62C8BNJKYV;
				INFOPLIST_FILE = SummerReadingProgram5/Info.plist;
				IPHONEOS_DEPLOYMENT_TARGET = 11.0;
				LD_RUNPATH_SEARCH_PATHS = (
					"$(inherited)",
					"@executable_path/Frameworks",
				);
				PRODUCT_BUNDLE_IDENTIFIER = us.matthey.itsforbabies.SummerReadingProgram5;
				PRODUCT_NAME = "$(TARGET_NAME)";
				SWIFT_VERSION = 4.0;
				TARGETED_DEVICE_FAMILY = 1;
			};
			name = Debug;
		};
		CC7DB95F20E62255000455BB /* Release */ = {
			isa = XCBuildConfiguration;
			baseConfigurationReference = A657C94FCE016C577386A2F2 /* Pods-SummerReadingProgram5.release.xcconfig */;
			buildSettings = {
				ASSETCATALOG_COMPILER_APPICON_NAME = AppIcon;
				CODE_SIGN_STYLE = Automatic;
				DEVELOPMENT_TEAM = 62C8BNJKYV;
				INFOPLIST_FILE = SummerReadingProgram5/Info.plist;
				IPHONEOS_DEPLOYMENT_TARGET = 11.0;
				LD_RUNPATH_SEARCH_PATHS = (
					"$(inherited)",
					"@executable_path/Frameworks",
				);
				PRODUCT_BUNDLE_IDENTIFIER = us.matthey.itsforbabies.SummerReadingProgram5;
				PRODUCT_NAME = "$(TARGET_NAME)";
				SWIFT_VERSION = 4.0;
				TARGETED_DEVICE_FAMILY = 1;
			};
			name = Release;
		};
/* End XCBuildConfiguration section */

/* Begin XCConfigurationList section */
		CC7DB94620E62254000455BB /* Build configuration list for PBXProject "SummerReadingProgram5" */ = {
			isa = XCConfigurationList;
			buildConfigurations = (
				CC7DB95B20E62255000455BB /* Debug */,
				CC7DB95C20E62255000455BB /* Release */,
			);
			defaultConfigurationIsVisible = 0;
			defaultConfigurationName = Release;
		};
		CC7DB95D20E62255000455BB /* Build configuration list for PBXNativeTarget "SummerReadingProgram5" */ = {
			isa = XCConfigurationList;
			buildConfigurations = (
				CC7DB95E20E62255000455BB /* Debug */,
				CC7DB95F20E62255000455BB /* Release */,
			);
			defaultConfigurationIsVisible = 0;
			defaultConfigurationName = Release;
		};
/* End XCConfigurationList section */
	};
	rootObject = CC7DB94320E62254000455BB /* Project object */;
}
